
Microsoft Visual Studio Solution File, Format Version 12.00
# Visual Studio Version 17
VisualStudioVersion = 17.5.002.0
MinimumVisualStudioVersion = 10.0.40219.1
Project("{2150E333-8FDC-42A3-9474-1A3956D46DE8}") = "src", "src", "{402B626D-AA38-4C8E-BD01-F380D7388072}"
EndProject
Project("{2150E333-8FDC-42A3-9474-1A3956D46DE8}") = "lib", "lib", "{66339D3D-5901-418A-93E7-9516F747F1C6}"
EndProject
Project("{FAE04EC0-301F-11D3-BF4B-00C04F79EFBC}") = "ForgeWorks.CrossWind", "src\lib\CrossWind\ForgeWorks.CrossWind.csproj", "{E50891B0-0C4C-4C36-8FBB-8791FBBDDA20}"
EndProject
Global
	GlobalSection(SolutionConfigurationPlatforms) = preSolution
		Debug|Any CPU = Debug|Any CPU
		Release|Any CPU = Release|Any CPU
	EndGlobalSection
	GlobalSection(ProjectConfigurationPlatforms) = postSolution
		{7470695F-128B-4C97-825F-CB35FBD0C5F5}.Debug|Any CPU.ActiveCfg = Debug|Any CPU
		{7470695F-128B-4C97-825F-CB35FBD0C5F5}.Debug|Any CPU.Build.0 = Debug|Any CPU
		{7470695F-128B-4C97-825F-CB35FBD0C5F5}.Release|Any CPU.ActiveCfg = Release|Any CPU
		{7470695F-128B-4C97-825F-CB35FBD0C5F5}.Release|Any CPU.Build.0 = Release|Any CPU
		{E50891B0-0C4C-4C36-8FBB-8791FBBDDA20}.Debug|Any CPU.ActiveCfg = Debug|Any CPU
		{E50891B0-0C4C-4C36-8FBB-8791FBBDDA20}.Debug|Any CPU.Build.0 = Debug|Any CPU
		{E50891B0-0C4C-4C36-8FBB-8791FBBDDA20}.Release|Any CPU.ActiveCfg = Release|Any CPU
		{E50891B0-0C4C-4C36-8FBB-8791FBBDDA20}.Release|Any CPU.Build.0 = Release|Any CPU
	EndGlobalSection
	GlobalSection(SolutionProperties) = preSolution
		HideSolutionNode = FALSE
	EndGlobalSection
	GlobalSection(ExtensibilityGlobals) = postSolution
		SolutionGuid = {BC9A4837-52FA-44EE-8C48-57FB55134730}
	EndGlobalSection
	GlobalSection(NestedProjects) = preSolution
		{66339D3D-5901-418A-93E7-9516F747F1C6} = {402B626D-AA38-4C8E-BD01-F380D7388072}
		{E50891B0-0C4C-4C36-8FBB-8791FBBDDA20} = {66339D3D-5901-418A-93E7-9516F747F1C6}
	EndGlobalSection
EndGlobal
