
Microsoft Visual Studio Solution File, Format Version 12.00
# Visual Studio Version 17
VisualStudioVersion = 17.5.002.0
MinimumVisualStudioVersion = 10.0.40219.1
Project("{2150E333-8FDC-42A3-9474-1A3956D46DE8}") = "src", "src", "{402B626D-AA38-4C8E-BD01-F380D7388072}"
EndProject
Project("{2150E333-8FDC-42A3-9474-1A3956D46DE8}") = "Lib", "Lib", "{66339D3D-5901-418A-93E7-9516F747F1C6}"
EndProject
Project("{FAE04EC0-301F-11D3-BF4B-00C04F79EFBC}") = "ForgeWorks.CrossWind", "src\Lib\CrossWind\ForgeWorks.CrossWind.csproj", "{E50891B0-0C4C-4C36-8FBB-8791FBBDDA20}"
EndProject
Project("{2150E333-8FDC-42A3-9474-1A3956D46DE8}") = "Tools", "Tools", "{4FC77E19-13BB-4F31-9C9E-06B19EF7DB58}"
EndProject
Project("{FAE04EC0-301F-11D3-BF4B-00C04F79EFBC}") = "MinuteMan.LabKit", "src\Tools\MinuteMan.LabKit\MinuteMan.LabKit.csproj", "{DC36ED34-9C2C-47EB-89A2-AD18E3ED6E93}"
EndProject
Project("{FAE04EC0-301F-11D3-BF4B-00C04F79EFBC}") = "MinuteMan", "src\Tools\MinuteMan\MinuteMan.csproj", "{0B41F55B-7FE0-4FAC-BA39-E94C49477BE4}"
EndProject
Project("{2150E333-8FDC-42A3-9474-1A3956D46DE8}") = "Dev", "Dev", "{4BA2FEE1-FBF5-4982-B19B-842420CBBFB1}"
EndProject
Project("{2150E333-8FDC-42A3-9474-1A3956D46DE8}") = "Prototyping", "Prototyping", "{36D72BD9-9F24-4CE2-B464-6EE5514530F7}"
EndProject
Project("{FAE04EC0-301F-11D3-BF4B-00C04F79EFBC}") = "CrossWind.Prototyping", "src\Dev\Prototyping\CrossWind\CrossWind.Prototyping.csproj", "{2D8CE1A7-8AB2-457B-9E4D-39ED81ECAA95}"
EndProject
Project("{2150E333-8FDC-42A3-9474-1A3956D46DE8}") = "Testing", "Testing", "{56CA90D3-7228-45E5-AF6F-35EB32F18CC1}"
EndProject
Project("{FAE04EC0-301F-11D3-BF4B-00C04F79EFBC}") = "CrossWind.UnitTests", "src\Dev\Testing\CrossWind\CrossWind.UnitTests.csproj", "{4AE24978-3D77-4FCE-BEB0-B6074B7F11CB}"
EndProject
Global
	GlobalSection(SolutionConfigurationPlatforms) = preSolution
		Debug|Any CPU = Debug|Any CPU
		Release|Any CPU = Release|Any CPU
	EndGlobalSection
	GlobalSection(ProjectConfigurationPlatforms) = postSolution
		{7470695F-128B-4C97-825F-CB35FBD0C5F5}.Debug|Any CPU.ActiveCfg = Debug|Any CPU
		{7470695F-128B-4C97-825F-CB35FBD0C5F5}.Debug|Any CPU.Build.0 = Debug|Any CPU
		{7470695F-128B-4C97-825F-CB35FBD0C5F5}.Release|Any CPU.ActiveCfg = Release|Any CPU
		{7470695F-128B-4C97-825F-CB35FBD0C5F5}.Release|Any CPU.Build.0 = Release|Any CPU
		{E50891B0-0C4C-4C36-8FBB-8791FBBDDA20}.Debug|Any CPU.ActiveCfg = Debug|Any CPU
		{E50891B0-0C4C-4C36-8FBB-8791FBBDDA20}.Debug|Any CPU.Build.0 = Debug|Any CPU
		{E50891B0-0C4C-4C36-8FBB-8791FBBDDA20}.Release|Any CPU.ActiveCfg = Release|Any CPU
		{E50891B0-0C4C-4C36-8FBB-8791FBBDDA20}.Release|Any CPU.Build.0 = Release|Any CPU
		{DC36ED34-9C2C-47EB-89A2-AD18E3ED6E93}.Debug|Any CPU.ActiveCfg = Debug|Any CPU
		{DC36ED34-9C2C-47EB-89A2-AD18E3ED6E93}.Debug|Any CPU.Build.0 = Debug|Any CPU
		{DC36ED34-9C2C-47EB-89A2-AD18E3ED6E93}.Release|Any CPU.ActiveCfg = Release|Any CPU
		{DC36ED34-9C2C-47EB-89A2-AD18E3ED6E93}.Release|Any CPU.Build.0 = Release|Any CPU
		{0B41F55B-7FE0-4FAC-BA39-E94C49477BE4}.Debug|Any CPU.ActiveCfg = Debug|Any CPU
		{0B41F55B-7FE0-4FAC-BA39-E94C49477BE4}.Debug|Any CPU.Build.0 = Debug|Any CPU
		{0B41F55B-7FE0-4FAC-BA39-E94C49477BE4}.Release|Any CPU.ActiveCfg = Release|Any CPU
		{0B41F55B-7FE0-4FAC-BA39-E94C49477BE4}.Release|Any CPU.Build.0 = Release|Any CPU
		{2D8CE1A7-8AB2-457B-9E4D-39ED81ECAA95}.Debug|Any CPU.ActiveCfg = Debug|Any CPU
		{2D8CE1A7-8AB2-457B-9E4D-39ED81ECAA95}.Debug|Any CPU.Build.0 = Debug|Any CPU
		{2D8CE1A7-8AB2-457B-9E4D-39ED81ECAA95}.Release|Any CPU.ActiveCfg = Release|Any CPU
		{2D8CE1A7-8AB2-457B-9E4D-39ED81ECAA95}.Release|Any CPU.Build.0 = Release|Any CPU
		{4AE24978-3D77-4FCE-BEB0-B6074B7F11CB}.Debug|Any CPU.ActiveCfg = Debug|Any CPU
		{4AE24978-3D77-4FCE-BEB0-B6074B7F11CB}.Debug|Any CPU.Build.0 = Debug|Any CPU
		{4AE24978-3D77-4FCE-BEB0-B6074B7F11CB}.Release|Any CPU.ActiveCfg = Release|Any CPU
		{4AE24978-3D77-4FCE-BEB0-B6074B7F11CB}.Release|Any CPU.Build.0 = Release|Any CPU
	EndGlobalSection
	GlobalSection(SolutionProperties) = preSolution
		HideSolutionNode = FALSE
	EndGlobalSection
	GlobalSection(ExtensibilityGlobals) = postSolution
		SolutionGuid = {BC9A4837-52FA-44EE-8C48-57FB55134730}
	EndGlobalSection
	GlobalSection(NestedProjects) = preSolution
		{66339D3D-5901-418A-93E7-9516F747F1C6} = {402B626D-AA38-4C8E-BD01-F380D7388072}
		{E50891B0-0C4C-4C36-8FBB-8791FBBDDA20} = {66339D3D-5901-418A-93E7-9516F747F1C6}
		{4FC77E19-13BB-4F31-9C9E-06B19EF7DB58} = {402B626D-AA38-4C8E-BD01-F380D7388072}
		{DC36ED34-9C2C-47EB-89A2-AD18E3ED6E93} = {4FC77E19-13BB-4F31-9C9E-06B19EF7DB58}
		{0B41F55B-7FE0-4FAC-BA39-E94C49477BE4} = {4FC77E19-13BB-4F31-9C9E-06B19EF7DB58}
		{4BA2FEE1-FBF5-4982-B19B-842420CBBFB1} = {402B626D-AA38-4C8E-BD01-F380D7388072}
		{36D72BD9-9F24-4CE2-B464-6EE5514530F7} = {4BA2FEE1-FBF5-4982-B19B-842420CBBFB1}
		{2D8CE1A7-8AB2-457B-9E4D-39ED81ECAA95} = {36D72BD9-9F24-4CE2-B464-6EE5514530F7}
		{56CA90D3-7228-45E5-AF6F-35EB32F18CC1} = {4BA2FEE1-FBF5-4982-B19B-842420CBBFB1}
		{4AE24978-3D77-4FCE-BEB0-B6074B7F11CB} = {56CA90D3-7228-45E5-AF6F-35EB32F18CC1}
	EndGlobalSection
EndGlobal
