
Microsoft Visual Studio Solution File, Format Version 12.00
# Visual Studio Version 17
VisualStudioVersion = 17.5.002.0
MinimumVisualStudioVersion = 10.0.40219.1
Project("{9A19103F-16F7-4668-BE54-9A1E7A4F7556}") = "CrossWind.Gui", "CrossWind.Gui.csproj", "{A7D8C1FA-5B3D-423E-AB37-3B17AB9DBEE7}"
EndProject
Global
	GlobalSection(SolutionConfigurationPlatforms) = preSolution
		Debug|Any CPU = Debug|Any CPU
		Release|Any CPU = Release|Any CPU
	EndGlobalSection
	GlobalSection(ProjectConfigurationPlatforms) = postSolution
		{A7D8C1FA-5B3D-423E-AB37-3B17AB9DBEE7}.Debug|Any CPU.ActiveCfg = Debug|Any CPU
		{A7D8C1FA-5B3D-423E-AB37-3B17AB9DBEE7}.Debug|Any CPU.Build.0 = Debug|Any CPU
		{A7D8C1FA-5B3D-423E-AB37-3B17AB9DBEE7}.Release|Any CPU.ActiveCfg = Release|Any CPU
		{A7D8C1FA-5B3D-423E-AB37-3B17AB9DBEE7}.Release|Any CPU.Build.0 = Release|Any CPU
	EndGlobalSection
	GlobalSection(SolutionProperties) = preSolution
		HideSolutionNode = FALSE
	EndGlobalSection
	GlobalSection(ExtensibilityGlobals) = postSolution
		SolutionGuid = {A49FB76B-C4F8-4A88-B99F-20A8D9E981B5}
	EndGlobalSection
EndGlobal
